
Microsoft Visual Studio Solution File, Format Version 12.00
# Visual Studio Version 16
VisualStudioVersion = 25.0.1706.1
MinimumVisualStudioVersion = 10.0.40219.1
Project("{FAE04EC0-301F-11D3-BF4B-00C04F79EFBC}") = "UdemyConsoleDocker", "UdemyConsoleDocker\UdemyConsoleDocker.csproj", "{1F9C9AF8-A59D-44C5-A8A8-008B0E2BC885}"
EndProject
Project("{E53339B2-1760-4266-BCC7-CA923CBCF16C}") = "docker-compose", "docker-compose.dcproj", "{CA660530-0FF7-4A59-AD30-55A362995297}"
EndProject
Global
	GlobalSection(SolutionConfigurationPlatforms) = preSolution
		Debug|Any CPU = Debug|Any CPU
		Release|Any CPU = Release|Any CPU
	EndGlobalSection
	GlobalSection(ProjectConfigurationPlatforms) = postSolution
		{1F9C9AF8-A59D-44C5-A8A8-008B0E2BC885}.Debug|Any CPU.ActiveCfg = Debug|Any CPU
		{1F9C9AF8-A59D-44C5-A8A8-008B0E2BC885}.Debug|Any CPU.Build.0 = Debug|Any CPU
		{1F9C9AF8-A59D-44C5-A8A8-008B0E2BC885}.Release|Any CPU.ActiveCfg = Release|Any CPU
		{1F9C9AF8-A59D-44C5-A8A8-008B0E2BC885}.Release|Any CPU.Build.0 = Release|Any CPU
		{CA660530-0FF7-4A59-AD30-55A362995297}.Debug|Any CPU.ActiveCfg = Debug|Any CPU
		{CA660530-0FF7-4A59-AD30-55A362995297}.Debug|Any CPU.Build.0 = Debug|Any CPU
		{CA660530-0FF7-4A59-AD30-55A362995297}.Release|Any CPU.ActiveCfg = Release|Any CPU
		{CA660530-0FF7-4A59-AD30-55A362995297}.Release|Any CPU.Build.0 = Release|Any CPU
	EndGlobalSection
	GlobalSection(SolutionProperties) = preSolution
		HideSolutionNode = FALSE
	EndGlobalSection
	GlobalSection(ExtensibilityGlobals) = postSolution
		SolutionGuid = {CDE66F8C-374A-40BD-8C70-561ABDD1ED77}
	EndGlobalSection
EndGlobal
